
Microsoft Visual Studio Solution File, Format Version 12.00
# Visual Studio Version 17
VisualStudioVersion = 17.0.31903.59
MinimumVisualStudioVersion = 10.0.40219.1
Project("{FAE04EC0-301F-11D3-BF4B-00C04F79EFBC}") = "FizzBuzz", "FizzBuzz\FizzBuzz.csproj", "{A684A3B0-AC67-47CB-B1F3-9A7701D4C396}"
EndProject
Project("{FAE04EC0-301F-11D3-BF4B-00C04F79EFBC}") = "Console", "Console\Console.csproj", "{78880A45-AD18-4A8C-82CD-510E9AFED15C}"
EndProject
Project("{FAE04EC0-301F-11D3-BF4B-00C04F79EFBC}") = "FizzBuzzTest", "FizzBuzzTest\FizzBuzzTest.csproj", "{C3338F37-F8FF-4431-832C-CEDB306BB175}"
EndProject
Global
	GlobalSection(SolutionConfigurationPlatforms) = preSolution
		Debug|Any CPU = Debug|Any CPU
		Release|Any CPU = Release|Any CPU
	EndGlobalSection
	GlobalSection(SolutionProperties) = preSolution
		HideSolutionNode = FALSE
	EndGlobalSection
	GlobalSection(ProjectConfigurationPlatforms) = postSolution
		{A684A3B0-AC67-47CB-B1F3-9A7701D4C396}.Debug|Any CPU.ActiveCfg = Debug|Any CPU
		{A684A3B0-AC67-47CB-B1F3-9A7701D4C396}.Debug|Any CPU.Build.0 = Debug|Any CPU
		{A684A3B0-AC67-47CB-B1F3-9A7701D4C396}.Release|Any CPU.ActiveCfg = Release|Any CPU
		{A684A3B0-AC67-47CB-B1F3-9A7701D4C396}.Release|Any CPU.Build.0 = Release|Any CPU
		{78880A45-AD18-4A8C-82CD-510E9AFED15C}.Debug|Any CPU.ActiveCfg = Debug|Any CPU
		{78880A45-AD18-4A8C-82CD-510E9AFED15C}.Debug|Any CPU.Build.0 = Debug|Any CPU
		{78880A45-AD18-4A8C-82CD-510E9AFED15C}.Release|Any CPU.ActiveCfg = Release|Any CPU
		{78880A45-AD18-4A8C-82CD-510E9AFED15C}.Release|Any CPU.Build.0 = Release|Any CPU
		{C3338F37-F8FF-4431-832C-CEDB306BB175}.Debug|Any CPU.ActiveCfg = Debug|Any CPU
		{C3338F37-F8FF-4431-832C-CEDB306BB175}.Debug|Any CPU.Build.0 = Debug|Any CPU
		{C3338F37-F8FF-4431-832C-CEDB306BB175}.Release|Any CPU.ActiveCfg = Release|Any CPU
		{C3338F37-F8FF-4431-832C-CEDB306BB175}.Release|Any CPU.Build.0 = Release|Any CPU
	EndGlobalSection
EndGlobal
